
Microsoft Visual Studio Solution File, Format Version 12.00
# Visual Studio 14
VisualStudioVersion = 14.0.25123.0
MinimumVisualStudioVersion = 10.0.40219.1
Project("{8BC9CEB8-8B4A-11D0-8D11-00A0C91BC942}") = "scada_server", "scada_server\scada_server.vcxproj", "{57E315D5-03AE-41F8-8B43-61B5E1EB3C48}"
EndProject
Project("{8BC9CEB8-8B4A-11D0-8D11-00A0C91BC942}") = "DataStructures", "DataStructures\DataStructures.vcxproj", "{295304DE-F551-4BC1-B938-9A789872BBCD}"
EndProject
Project("{8BC9CEB8-8B4A-11D0-8D11-00A0C91BC942}") = "Util", "Util\Util.vcxproj", "{C588719A-0C77-49A5-B470-8BBE8558EC3F}"
EndProject
Project("{8BC9CEB8-8B4A-11D0-8D11-00A0C91BC942}") = "TCPDriver", "TCPDriver\TCPDriver.vcxproj", "{F5BDB3FC-769B-484A-B585-CFE2C0ACAAAB}"
EndProject
Project("{8BC9CEB8-8B4A-11D0-8D11-00A0C91BC942}") = "Thread", "Thread\Thread.vcxproj", "{1E47070F-EFBA-40B6-A9C8-E5F92E879F7F}"
EndProject
Project("{8BC9CEB8-8B4A-11D0-8D11-00A0C91BC942}") = "Mediator", "Mediator\Mediator.vcxproj", "{AA570B55-0620-477D-B341-A4E0C4871607}"
EndProject
Project("{8BC9CEB8-8B4A-11D0-8D11-00A0C91BC942}") = "PollingEngine", "PollingEngine\PollingEngine.vcxproj", "{A6631351-E8B1-4191-B81C-70080BEBA103}"
EndProject
Project("{8BC9CEB8-8B4A-11D0-8D11-00A0C91BC942}") = "ClientHandler", "ClientHandler\ClientHandler.vcxproj", "{582F160B-86B9-4B2E-A474-D8FACEB07C02}"
EndProject
Project("{8BC9CEB8-8B4A-11D0-8D11-00A0C91BC942}") = "scada_client", "scada_client\scada_client.vcxproj", "{828E0FAF-C0B6-46B3-A352-5EFB917F2ACE}"
EndProject
Global
	GlobalSection(SolutionConfigurationPlatforms) = preSolution
		Debug|x64 = Debug|x64
		Debug|x86 = Debug|x86
		Release|x64 = Release|x64
		Release|x86 = Release|x86
	EndGlobalSection
	GlobalSection(ProjectConfigurationPlatforms) = postSolution
		{57E315D5-03AE-41F8-8B43-61B5E1EB3C48}.Debug|x64.ActiveCfg = Debug|x64
		{57E315D5-03AE-41F8-8B43-61B5E1EB3C48}.Debug|x64.Build.0 = Debug|x64
		{57E315D5-03AE-41F8-8B43-61B5E1EB3C48}.Debug|x86.ActiveCfg = Debug|Win32
		{57E315D5-03AE-41F8-8B43-61B5E1EB3C48}.Debug|x86.Build.0 = Debug|Win32
		{57E315D5-03AE-41F8-8B43-61B5E1EB3C48}.Release|x64.ActiveCfg = Release|x64
		{57E315D5-03AE-41F8-8B43-61B5E1EB3C48}.Release|x64.Build.0 = Release|x64
		{57E315D5-03AE-41F8-8B43-61B5E1EB3C48}.Release|x86.ActiveCfg = Release|Win32
		{57E315D5-03AE-41F8-8B43-61B5E1EB3C48}.Release|x86.Build.0 = Release|Win32
		{295304DE-F551-4BC1-B938-9A789872BBCD}.Debug|x64.ActiveCfg = Debug|x64
		{295304DE-F551-4BC1-B938-9A789872BBCD}.Debug|x64.Build.0 = Debug|x64
		{295304DE-F551-4BC1-B938-9A789872BBCD}.Debug|x86.ActiveCfg = Debug|Win32
		{295304DE-F551-4BC1-B938-9A789872BBCD}.Debug|x86.Build.0 = Debug|Win32
		{295304DE-F551-4BC1-B938-9A789872BBCD}.Release|x64.ActiveCfg = Release|x64
		{295304DE-F551-4BC1-B938-9A789872BBCD}.Release|x64.Build.0 = Release|x64
		{295304DE-F551-4BC1-B938-9A789872BBCD}.Release|x86.ActiveCfg = Release|Win32
		{295304DE-F551-4BC1-B938-9A789872BBCD}.Release|x86.Build.0 = Release|Win32
		{C588719A-0C77-49A5-B470-8BBE8558EC3F}.Debug|x64.ActiveCfg = Debug|x64
		{C588719A-0C77-49A5-B470-8BBE8558EC3F}.Debug|x64.Build.0 = Debug|x64
		{C588719A-0C77-49A5-B470-8BBE8558EC3F}.Debug|x86.ActiveCfg = Debug|Win32
		{C588719A-0C77-49A5-B470-8BBE8558EC3F}.Debug|x86.Build.0 = Debug|Win32
		{C588719A-0C77-49A5-B470-8BBE8558EC3F}.Release|x64.ActiveCfg = Release|x64
		{C588719A-0C77-49A5-B470-8BBE8558EC3F}.Release|x64.Build.0 = Release|x64
		{C588719A-0C77-49A5-B470-8BBE8558EC3F}.Release|x86.ActiveCfg = Release|Win32
		{C588719A-0C77-49A5-B470-8BBE8558EC3F}.Release|x86.Build.0 = Release|Win32
		{F5BDB3FC-769B-484A-B585-CFE2C0ACAAAB}.Debug|x64.ActiveCfg = Debug|x64
		{F5BDB3FC-769B-484A-B585-CFE2C0ACAAAB}.Debug|x64.Build.0 = Debug|x64
		{F5BDB3FC-769B-484A-B585-CFE2C0ACAAAB}.Debug|x86.ActiveCfg = Debug|Win32
		{F5BDB3FC-769B-484A-B585-CFE2C0ACAAAB}.Debug|x86.Build.0 = Debug|Win32
		{F5BDB3FC-769B-484A-B585-CFE2C0ACAAAB}.Release|x64.ActiveCfg = Release|x64
		{F5BDB3FC-769B-484A-B585-CFE2C0ACAAAB}.Release|x64.Build.0 = Release|x64
		{F5BDB3FC-769B-484A-B585-CFE2C0ACAAAB}.Release|x86.ActiveCfg = Release|Win32
		{F5BDB3FC-769B-484A-B585-CFE2C0ACAAAB}.Release|x86.Build.0 = Release|Win32
		{1E47070F-EFBA-40B6-A9C8-E5F92E879F7F}.Debug|x64.ActiveCfg = Debug|x64
		{1E47070F-EFBA-40B6-A9C8-E5F92E879F7F}.Debug|x64.Build.0 = Debug|x64
		{1E47070F-EFBA-40B6-A9C8-E5F92E879F7F}.Debug|x86.ActiveCfg = Debug|Win32
		{1E47070F-EFBA-40B6-A9C8-E5F92E879F7F}.Debug|x86.Build.0 = Debug|Win32
		{1E47070F-EFBA-40B6-A9C8-E5F92E879F7F}.Release|x64.ActiveCfg = Release|x64
		{1E47070F-EFBA-40B6-A9C8-E5F92E879F7F}.Release|x64.Build.0 = Release|x64
		{1E47070F-EFBA-40B6-A9C8-E5F92E879F7F}.Release|x86.ActiveCfg = Release|Win32
		{1E47070F-EFBA-40B6-A9C8-E5F92E879F7F}.Release|x86.Build.0 = Release|Win32
		{AA570B55-0620-477D-B341-A4E0C4871607}.Debug|x64.ActiveCfg = Debug|x64
		{AA570B55-0620-477D-B341-A4E0C4871607}.Debug|x64.Build.0 = Debug|x64
		{AA570B55-0620-477D-B341-A4E0C4871607}.Debug|x86.ActiveCfg = Debug|Win32
		{AA570B55-0620-477D-B341-A4E0C4871607}.Debug|x86.Build.0 = Debug|Win32
		{AA570B55-0620-477D-B341-A4E0C4871607}.Release|x64.ActiveCfg = Release|x64
		{AA570B55-0620-477D-B341-A4E0C4871607}.Release|x64.Build.0 = Release|x64
		{AA570B55-0620-477D-B341-A4E0C4871607}.Release|x86.ActiveCfg = Release|Win32
		{AA570B55-0620-477D-B341-A4E0C4871607}.Release|x86.Build.0 = Release|Win32
		{A6631351-E8B1-4191-B81C-70080BEBA103}.Debug|x64.ActiveCfg = Debug|x64
		{A6631351-E8B1-4191-B81C-70080BEBA103}.Debug|x64.Build.0 = Debug|x64
		{A6631351-E8B1-4191-B81C-70080BEBA103}.Debug|x86.ActiveCfg = Debug|Win32
		{A6631351-E8B1-4191-B81C-70080BEBA103}.Debug|x86.Build.0 = Debug|Win32
		{A6631351-E8B1-4191-B81C-70080BEBA103}.Release|x64.ActiveCfg = Release|x64
		{A6631351-E8B1-4191-B81C-70080BEBA103}.Release|x64.Build.0 = Release|x64
		{A6631351-E8B1-4191-B81C-70080BEBA103}.Release|x86.ActiveCfg = Release|Win32
		{A6631351-E8B1-4191-B81C-70080BEBA103}.Release|x86.Build.0 = Release|Win32
		{582F160B-86B9-4B2E-A474-D8FACEB07C02}.Debug|x64.ActiveCfg = Debug|x64
		{582F160B-86B9-4B2E-A474-D8FACEB07C02}.Debug|x64.Build.0 = Debug|x64
		{582F160B-86B9-4B2E-A474-D8FACEB07C02}.Debug|x86.ActiveCfg = Debug|Win32
		{582F160B-86B9-4B2E-A474-D8FACEB07C02}.Debug|x86.Build.0 = Debug|Win32
		{582F160B-86B9-4B2E-A474-D8FACEB07C02}.Release|x64.ActiveCfg = Release|x64
		{582F160B-86B9-4B2E-A474-D8FACEB07C02}.Release|x64.Build.0 = Release|x64
		{582F160B-86B9-4B2E-A474-D8FACEB07C02}.Release|x86.ActiveCfg = Release|Win32
		{582F160B-86B9-4B2E-A474-D8FACEB07C02}.Release|x86.Build.0 = Release|Win32
		{828E0FAF-C0B6-46B3-A352-5EFB917F2ACE}.Debug|x64.ActiveCfg = Debug|x64
		{828E0FAF-C0B6-46B3-A352-5EFB917F2ACE}.Debug|x64.Build.0 = Debug|x64
		{828E0FAF-C0B6-46B3-A352-5EFB917F2ACE}.Debug|x86.ActiveCfg = Debug|Win32
		{828E0FAF-C0B6-46B3-A352-5EFB917F2ACE}.Debug|x86.Build.0 = Debug|Win32
		{828E0FAF-C0B6-46B3-A352-5EFB917F2ACE}.Release|x64.ActiveCfg = Release|x64
		{828E0FAF-C0B6-46B3-A352-5EFB917F2ACE}.Release|x64.Build.0 = Release|x64
		{828E0FAF-C0B6-46B3-A352-5EFB917F2ACE}.Release|x86.ActiveCfg = Release|Win32
		{828E0FAF-C0B6-46B3-A352-5EFB917F2ACE}.Release|x86.Build.0 = Release|Win32
	EndGlobalSection
	GlobalSection(SolutionProperties) = preSolution
		HideSolutionNode = FALSE
	EndGlobalSection
EndGlobal
